// !$*UTF8*$!
{
	archiveVersion = 1;
	classes = {
	};
	objectVersion = 48;
	objects = {

/* Begin PBXBuildFile section */
		79741AC11FA4E5E400AD642D /* AppDelegate.swift in Sources */ = {isa = PBXBuildFile; fileRef = 79741AC01FA4E5E400AD642D /* AppDelegate.swift */; };
		79741AC31FA4E5E400AD642D /* ViewController.swift in Sources */ = {isa = PBXBuildFile; fileRef = 79741AC21FA4E5E400AD642D /* ViewController.swift */; };
		79741AC61FA4E5E400AD642D /* Main.storyboard in Resources */ = {isa = PBXBuildFile; fileRef = 79741AC41FA4E5E400AD642D /* Main.storyboard */; };
		79741AC81FA4E5E400AD642D /* Assets.xcassets in Resources */ = {isa = PBXBuildFile; fileRef = 79741AC71FA4E5E400AD642D /* Assets.xcassets */; };
		79741ACB1FA4E5E400AD642D /* LaunchScreen.storyboard in Resources */ = {isa = PBXBuildFile; fileRef = 79741AC91FA4E5E400AD642D /* LaunchScreen.storyboard */; };
/* End PBXBuildFile section */

/* Begin PBXFileReference section */
		79741ABD1FA4E5E400AD642D /* mapView.app */ = {isa = PBXFileReference; explicitFileType = wrapper.application; includeInIndex = 0; path = mapView.app; sourceTree = BUILT_PRODUCTS_DIR; };
		79741AC01FA4E5E400AD642D /* AppDelegate.swift */ = {isa = PBXFileReference; lastKnownFileType = sourcecode.swift; path = AppDelegate.swift; sourceTree = "<group>"; };
		79741AC21FA4E5E400AD642D /* ViewController.swift */ = {isa = PBXFileReference; lastKnownFileType = sourcecode.swift; path = ViewController.swift; sourceTree = "<group>"; };
		79741AC51FA4E5E400AD642D /* Base */ = {isa = PBXFileReference; lastKnownFileType = file.storyboard; name = Base; path = Base.lproj/Main.storyboard; sourceTree = "<group>"; };
		79741AC71FA4E5E400AD642D /* Assets.xcassets */ = {isa = PBXFileReference; lastKnownFileType = folder.assetcatalog; path = Assets.xcassets; sourceTree = "<group>"; };
		79741ACA1FA4E5E400AD642D /* Base */ = {isa = PBXFileReference; lastKnownFileType = file.storyboard; name = Base; path = Base.lproj/LaunchScreen.storyboard; sourceTree = "<group>"; };
		79741ACC1FA4E5E400AD642D /* Info.plist */ = {isa = PBXFileReference; lastKnownFileType = text.plist.xml; path = Info.plist; sourceTree = "<group>"; };
		79741AD31FA4E6AE00AD642D /* MapKit.framework */ = {isa = PBXFileReference; lastKnownFileType = wrapper.framework; name = MapKit.framework; path = System/Library/Frameworks/MapKit.framework; sourceTree = SDKROOT; };
/* End PBXFileReference section */

/* Begin PBXFrameworksBuildPhase section */
		79741ABA1FA4E5E400AD642D /* Frameworks */ = {
			isa = PBXFrameworksBuildPhase;
			buildActionMask = 2147483647;
			files = (
			);
			runOnlyForDeploymentPostprocessing = 0;
		};
/* End PBXFrameworksBuildPhase section */

/* Begin PBXGroup section */
		79741AB41FA4E5E400AD642D = {
			isa = PBXGroup;
			children = (
				79741ABF1FA4E5E400AD642D /* mapView */,
				79741ABE1FA4E5E400AD642D /* Products */,
				79741AD21FA4E6AE00AD642D /* Frameworks */,
			);
			sourceTree = "<group>";
		};
		79741ABE1FA4E5E400AD642D /* Products */ = {
			isa = PBXGroup;
			children = (
				79741ABD1FA4E5E400AD642D /* mapView.app */,
			);
			name = Products;
			sourceTree = "<group>";
		};
		79741ABF1FA4E5E400AD642D /* mapView */ = {
			isa = PBXGroup;
			children = (
				79741AC01FA4E5E400AD642D /* AppDelegate.swift */,
				79741AC21FA4E5E400AD642D /* ViewController.swift */,
				79741AC41FA4E5E400AD642D /* Main.storyboard */,
				79741AC71FA4E5E400AD642D /* Assets.xcassets */,
				79741AC91FA4E5E400AD642D /* LaunchScreen.storyboard */,
				79741ACC1FA4E5E400AD642D /* Info.plist */,
			);
			path = mapView;
			sourceTree = "<group>";
		};
		79741AD21FA4E6AE00AD642D /* Frameworks */ = {
			isa = PBXGroup;
			children = (
				79741AD31FA4E6AE00AD642D /* MapKit.framework */,
			);
			name = Frameworks;
			sourceTree = "<group>";
		};
/* End PBXGroup section */

/* Begin PBXNativeTarget section */
		79741ABC1FA4E5E400AD642D /* mapView */ = {
			isa = PBXNativeTarget;
			buildConfigurationList = 79741ACF1FA4E5E400AD642D /* Build configuration list for PBXNativeTarget "mapView" */;
			buildPhases = (
				79741AB91FA4E5E400AD642D /* Sources */,
				79741ABA1FA4E5E400AD642D /* Frameworks */,
				79741ABB1FA4E5E400AD642D /* Resources */,
			);
			buildRules = (
			);
			dependencies = (
			);
			name = mapView;
			productName = mapView;
			productReference = 79741ABD1FA4E5E400AD642D /* mapView.app */;
			productType = "com.apple.product-type.application";
		};
/* End PBXNativeTarget section */

/* Begin PBXProject section */
		79741AB51FA4E5E400AD642D /* Project object */ = {
			isa = PBXProject;
			attributes = {
				LastSwiftUpdateCheck = 0900;
				LastUpgradeCheck = 0900;
				ORGANIZATIONNAME = "Step App School";
				TargetAttributes = {
					79741ABC1FA4E5E400AD642D = {
						CreatedOnToolsVersion = 9.0.1;
						ProvisioningStyle = Automatic;
					};
				};
			};
			buildConfigurationList = 79741AB81FA4E5E400AD642D /* Build configuration list for PBXProject "mapView" */;
			compatibilityVersion = "Xcode 8.0";
			developmentRegion = en;
			hasScannedForEncodings = 0;
			knownRegions = (
				en,
				Base,
			);
			mainGroup = 79741AB41FA4E5E400AD642D;
			productRefGroup = 79741ABE1FA4E5E400AD642D /* Products */;
			projectDirPath = "";
			projectRoot = "";
			targets = (
				79741ABC1FA4E5E400AD642D /* mapView */,
			);
		};
/* End PBXProject section */

/* Begin PBXResourcesBuildPhase section */
		79741ABB1FA4E5E400AD642D /* Resources */ = {
			isa = PBXResourcesBuildPhase;
			buildActionMask = 2147483647;
			files = (
				79741ACB1FA4E5E400AD642D /* LaunchScreen.storyboard in Resources */,
				79741AC81FA4E5E400AD642D /* Assets.xcassets in Resources */,
				79741AC61FA4E5E400AD642D /* Main.storyboard in Resources */,
			);
			runOnlyForDeploymentPostprocessing = 0;
		};
/* End PBXResourcesBuildPhase section */

/* Begin PBXSourcesBuildPhase section */
		79741AB91FA4E5E400AD642D /* Sources */ = {
			isa = PBXSourcesBuildPhase;
			buildActionMask = 2147483647;
			files = (
				79741AC31FA4E5E400AD642D /* ViewController.swift in Sources */,
				79741AC11FA4E5E400AD642D /* AppDelegate.swift in Sources */,
			);
			runOnlyForDeploymentPostprocessing = 0;
		};
/* End PBXSourcesBuildPhase section */

/* Begin PBXVariantGroup section */
		79741AC41FA4E5E400AD642D /* Main.storyboard */ = {
			isa = PBXVariantGroup;
			children = (
				79741AC51FA4E5E400AD642D /* Base */,
			);
			name = Main.storyboard;
			sourceTree = "<group>";
		};
		79741AC91FA4E5E400AD642D /* LaunchScreen.storyboard */ = {
			isa = PBXVariantGroup;
			children = (
				79741ACA1FA4E5E400AD642D /* Base */,
			);
			name = LaunchScreen.storyboard;
			sourceTree = "<group>";
		};
/* End PBXVariantGroup section */

/* Begin XCBuildConfiguration section */
		79741ACD1FA4E5E400AD642D /* Debug */ = {
			isa = XCBuildConfiguration;
			buildSettings = {
				ALWAYS_SEARCH_USER_PATHS = NO;
				CLANG_ANALYZER_NONNULL = YES;
				CLANG_ANALYZER_NUMBER_OBJECT_CONVERSION = YES_AGGRESSIVE;
				CLANG_CXX_LANGUAGE_STANDARD = "gnu++14";
				CLANG_CXX_LIBRARY = "libc++";
				CLANG_ENABLE_MODULES = YES;
				CLANG_ENABLE_OBJC_ARC = YES;
				CLANG_WARN_BLOCK_CAPTURE_AUTORELEASING = YES;
				CLANG_WARN_BOOL_CONVERSION = YES;
				CLANG_WARN_COMMA = YES;
				CLANG_WARN_CONSTANT_CONVERSION = YES;
				CLANG_WARN_DIRECT_OBJC_ISA_USAGE = YES_ERROR;
				CLANG_WARN_DOCUMENTATION_COMMENTS = YES;
				CLANG_WARN_EMPTY_BODY = YES;
				CLANG_WARN_ENUM_CONVERSION = YES;
				CLANG_WARN_INFINITE_RECURSION = YES;
				CLANG_WARN_INT_CONVERSION = YES;
				CLANG_WARN_NON_LITERAL_NULL_CONVERSION = YES;
				CLANG_WARN_OBJC_LITERAL_CONVERSION = YES;
				CLANG_WARN_OBJC_ROOT_CLASS = YES_ERROR;
				CLANG_WARN_RANGE_LOOP_ANALYSIS = YES;
				CLANG_WARN_STRICT_PROTOTYPES = YES;
				CLANG_WARN_SUSPICIOUS_MOVE = YES;
				CLANG_WARN_UNGUARDED_AVAILABILITY = YES_AGGRESSIVE;
				CLANG_WARN_UNREACHABLE_CODE = YES;
				CLANG_WARN__DUPLICATE_METHOD_MATCH = YES;
				CODE_SIGN_IDENTITY = "iPhone Developer";
				COPY_PHASE_STRIP = NO;
				DEBUG_INFORMATION_FORMAT = dwarf;
				ENABLE_STRICT_OBJC_MSGSEND = YES;
				ENABLE_TESTABILITY = YES;
				GCC_C_LANGUAGE_STANDARD = gnu11;
				GCC_DYNAMIC_NO_PIC = NO;
				GCC_NO_COMMON_BLOCKS = YES;
				GCC_OPTIMIZATION_LEVEL = 0;
				GCC_PREPROCESSOR_DEFINITIONS = (
					"DEBUG=1",
					"$(inherited)",
				);
				GCC_WARN_64_TO_32_BIT_CONVERSION = YES;
				GCC_WARN_ABOUT_RETURN_TYPE = YES_ERROR;
				GCC_WARN_UNDECLARED_SELECTOR = YES;
				GCC_WARN_UNINITIALIZED_AUTOS = YES_AGGRESSIVE;
				GCC_WARN_UNUSED_FUNCTION = YES;
				GCC_WARN_UNUSED_VARIABLE = YES;
				IPHONEOS_DEPLOYMENT_TARGET = 10.3;
				MTL_ENABLE_DEBUG_INFO = YES;
				ONLY_ACTIVE_ARCH = YES;
				SDKROOT = iphoneos;
				SWIFT_ACTIVE_COMPILATION_CONDITIONS = DEBUG;
				SWIFT_OPTIMIZATION_LEVEL = "-Onone";
			};
			name = Debug;
		};
		79741ACE1FA4E5E400AD642D /* Release */ = {
			isa = XCBuildConfiguration;
			buildSettings = {
				ALWAYS_SEARCH_USER_PATHS = NO;
				CLANG_ANALYZER_NONNULL = YES;
				CLANG_ANALYZER_NUMBER_OBJECT_CONVERSION = YES_AGGRESSIVE;
				CLANG_CXX_LANGUAGE_STANDARD = "gnu++14";
				CLANG_CXX_LIBRARY = "libc++";
				CLANG_ENABLE_MODULES = YES;
				CLANG_ENABLE_OBJC_ARC = YES;
				CLANG_WARN_BLOCK_CAPTURE_AUTORELEASING = YES;
				CLANG_WARN_BOOL_CONVERSION = YES;
				CLANG_WARN_COMMA = YES;
				CLANG_WARN_CONSTANT_CONVERSION = YES;
				CLANG_WARN_DIRECT_OBJC_ISA_USAGE = YES_ERROR;
				CLANG_WARN_DOCUMENTATION_COMMENTS = YES;
				CLANG_WARN_EMPTY_BODY = YES;
				CLANG_WARN_ENUM_CONVERSION = YES;
				CLANG_WARN_INFINITE_RECURSION = YES;
				CLANG_WARN_INT_CONVERSION = YES;
				CLANG_WARN_NON_LITERAL_NULL_CONVERSION = YES;
				CLANG_WARN_OBJC_LITERAL_CONVERSION = YES;
				CLANG_WARN_OBJC_ROOT_CLASS = YES_ERROR;
				CLANG_WARN_RANGE_LOOP_ANALYSIS = YES;
				CLANG_WARN_STRICT_PROTOTYPES = YES;
				CLANG_WARN_SUSPICIOUS_MOVE = YES;
				CLANG_WARN_UNGUARDED_AVAILABILITY = YES_AGGRESSIVE;
				CLANG_WARN_UNREACHABLE_CODE = YES;
				CLANG_WARN__DUPLICATE_METHOD_MATCH = YES;
				CODE_SIGN_IDENTITY = "iPhone Developer";
				COPY_PHASE_STRIP = NO;
				DEBUG_INFORMATION_FORMAT = "dwarf-with-dsym";
				ENABLE_NS_ASSERTIONS = NO;
				ENABLE_STRICT_OBJC_MSGSEND = YES;
				GCC_C_LANGUAGE_STANDARD = gnu11;
				GCC_NO_COMMON_BLOCKS = YES;
				GCC_WARN_64_TO_32_BIT_CONVERSION = YES;
				GCC_WARN_ABOUT_RETURN_TYPE = YES_ERROR;
				GCC_WARN_UNDECLARED_SELECTOR = YES;
				GCC_WARN_UNINITIALIZED_AUTOS = YES_AGGRESSIVE;
				GCC_WARN_UNUSED_FUNCTION = YES;
				GCC_WARN_UNUSED_VARIABLE = YES;
				IPHONEOS_DEPLOYMENT_TARGET = 10.3;
				MTL_ENABLE_DEBUG_INFO = NO;
				SDKROOT = iphoneos;
				SWIFT_OPTIMIZATION_LEVEL = "-Owholemodule";
				VALIDATE_PRODUCT = YES;
			};
			name = Release;
		};
		79741AD01FA4E5E400AD642D /* Debug */ = {
			isa = XCBuildConfiguration;
			buildSettings = {
				ASSETCATALOG_COMPILER_APPICON_NAME = AppIcon;
				CODE_SIGN_STYLE = Automatic;
				DEVELOPMENT_TEAM = "";
				INFOPLIST_FILE = mapView/Info.plist;
				LD_RUNPATH_SEARCH_PATHS = "$(inherited) @executable_path/Frameworks";
				PRODUCT_BUNDLE_IDENTIFIER = jp.test.mapView;
				PRODUCT_NAME = "$(TARGET_NAME)";
				SWIFT_VERSION = 4.0;
				TARGETED_DEVICE_FAMILY = "1,2";
			};
			name = Debug;
		};
		79741AD11FA4E5E400AD642D /* Release */ = {
			isa = XCBuildConfiguration;
			buildSettings = {
				ASSETCATALOG_COMPILER_APPICON_NAME = AppIcon;
				CODE_SIGN_STYLE = Automatic;
				DEVELOPMENT_TEAM = "";
				INFOPLIST_FILE = mapView/Info.plist;
				LD_RUNPATH_SEARCH_PATHS = "$(inherited) @executable_path/Frameworks";
				PRODUCT_BUNDLE_IDENTIFIER = jp.test.mapView;
				PRODUCT_NAME = "$(TARGET_NAME)";
				SWIFT_VERSION = 4.0;
				TARGETED_DEVICE_FAMILY = "1,2";
			};
			name = Release;
		};
/* End XCBuildConfiguration section */

/* Begin XCConfigurationList section */
		79741AB81FA4E5E400AD642D /* Build configuration list for PBXProject "mapView" */ = {
			isa = XCConfigurationList;
			buildConfigurations = (
				79741ACD1FA4E5E400AD642D /* Debug */,
				79741ACE1FA4E5E400AD642D /* Release */,
			);
			defaultConfigurationIsVisible = 0;
			defaultConfigurationName = Release;
		};
		79741ACF1FA4E5E400AD642D /* Build configuration list for PBXNativeTarget "mapView" */ = {
			isa = XCConfigurationList;
			buildConfigurations = (
				79741AD01FA4E5E400AD642D /* Debug */,
				79741AD11FA4E5E400AD642D /* Release */,
			);
			defaultConfigurationIsVisible = 0;
			defaultConfigurationName = Release;
		};
/* End XCConfigurationList section */
	};
	rootObject = 79741AB51FA4E5E400AD642D /* Project object */;
}
